
Microsoft Visual Studio Solution File, Format Version 12.00
# Visual Studio Version 16
VisualStudioVersion = 16.0.30330.147
MinimumVisualStudioVersion = 10.0.40219.1
Project("{FAE04EC0-301F-11D3-BF4B-00C04F79EFBC}") = "TAFESystem1", "TAFESystem1.csproj", "{1F4547FE-B7BC-4973-8962-D35639128986}"
EndProject
Global
	GlobalSection(SolutionConfigurationPlatforms) = preSolution
		Debug|Any CPU = Debug|Any CPU
		Release|Any CPU = Release|Any CPU
	EndGlobalSection
	GlobalSection(ProjectConfigurationPlatforms) = postSolution
		{1F4547FE-B7BC-4973-8962-D35639128986}.Debug|Any CPU.ActiveCfg = Debug|Any CPU
		{1F4547FE-B7BC-4973-8962-D35639128986}.Debug|Any CPU.Build.0 = Debug|Any CPU
		{1F4547FE-B7BC-4973-8962-D35639128986}.Release|Any CPU.ActiveCfg = Release|Any CPU
		{1F4547FE-B7BC-4973-8962-D35639128986}.Release|Any CPU.Build.0 = Release|Any CPU
	EndGlobalSection
	GlobalSection(SolutionProperties) = preSolution
		HideSolutionNode = FALSE
	EndGlobalSection
	GlobalSection(ExtensibilityGlobals) = postSolution
		SolutionGuid = {2EA51670-9848-465C-8DFA-DA8FF195008C}
	EndGlobalSection
EndGlobal
